// !$*UTF8*$!
{
	archiveVersion = 1;
	classes = {
	};
	objectVersion = 46;
	objects = {

/* Begin PBXBuildFile section */
		27278E4017CE8569004ABC21 /* CouchbaseLite.framework in Frameworks */ = {isa = PBXBuildFile; fileRef = 27278E3F17CE8569004ABC21 /* CouchbaseLite.framework */; };
		27278E4217CE859E004ABC21 /* CFNetwork.framework in Frameworks */ = {isa = PBXBuildFile; fileRef = 27278E4117CE859E004ABC21 /* CFNetwork.framework */; };
		27278E4417CE85A6004ABC21 /* SystemConfiguration.framework in Frameworks */ = {isa = PBXBuildFile; fileRef = 27278E4317CE85A6004ABC21 /* SystemConfiguration.framework */; };
		27278E4617CE85B3004ABC21 /* libz.dylib in Frameworks */ = {isa = PBXBuildFile; fileRef = 27278E4517CE85B3004ABC21 /* libz.dylib */; };
		27278E4817CE85BD004ABC21 /* Security.framework in Frameworks */ = {isa = PBXBuildFile; fileRef = 27278E4717CE85BD004ABC21 /* Security.framework */; };
		27278E4A17CE85C3004ABC21 /* libsqlite3.dylib in Frameworks */ = {isa = PBXBuildFile; fileRef = 27278E4917CE85C3004ABC21 /* libsqlite3.dylib */; };
		A3949DBC17C2EECB00559283 /* UIKit.framework in Frameworks */ = {isa = PBXBuildFile; fileRef = A3949DBB17C2EECB00559283 /* UIKit.framework */; };
		A3949DBE17C2EECB00559283 /* Foundation.framework in Frameworks */ = {isa = PBXBuildFile; fileRef = A3949DBD17C2EECB00559283 /* Foundation.framework */; };
		A3949DC017C2EECB00559283 /* CoreGraphics.framework in Frameworks */ = {isa = PBXBuildFile; fileRef = A3949DBF17C2EECB00559283 /* CoreGraphics.framework */; };
		A3949DC617C2EECB00559283 /* InfoPlist.strings in Resources */ = {isa = PBXBuildFile; fileRef = A3949DC417C2EECB00559283 /* InfoPlist.strings */; };
		A3949DC817C2EECB00559283 /* main.m in Sources */ = {isa = PBXBuildFile; fileRef = A3949DC717C2EECB00559283 /* main.m */; };
		A3949DCC17C2EECB00559283 /* AppDelegate.m in Sources */ = {isa = PBXBuildFile; fileRef = A3949DCB17C2EECB00559283 /* AppDelegate.m */; };
		A3949DD517C2EECB00559283 /* GameViewController.m in Sources */ = {isa = PBXBuildFile; fileRef = A3949DD417C2EECB00559283 /* GameViewController.m */; };
		A3949DFD17C2FA5100559283 /* AppStyle.m in Sources */ = {isa = PBXBuildFile; fileRef = A3949DFC17C2FA5100559283 /* AppStyle.m */; };
		A3949E0C17C338E200559283 /* Checkerboard.m in Sources */ = {isa = PBXBuildFile; fileRef = A3949E0B17C338E200559283 /* Checkerboard.m */; };
		A3949E5E17C440CF00559283 /* Game.m in Sources */ = {isa = PBXBuildFile; fileRef = A3949E5D17C440CF00559283 /* Game.m */; };
		A3949E6117C460E600559283 /* Game-1.json in Resources */ = {isa = PBXBuildFile; fileRef = A3949E0D17C3C4A200559283 /* Game-1.json */; };
		A3949E6217C46F9000559283 /* Game-2.json in Resources */ = {isa = PBXBuildFile; fileRef = A3949E1017C3E60B00559283 /* Game-2.json */; };
		A3949E6417C482BA00559283 /* QuartzCore.framework in Frameworks */ = {isa = PBXBuildFile; fileRef = A3949E6317C482BA00559283 /* QuartzCore.framework */; };
		A3CB830B17CD631D00FCCE72 /* Accounts.framework in Frameworks */ = {isa = PBXBuildFile; fileRef = A3CB830A17CD631D00FCCE72 /* Accounts.framework */; };
		A3CB830E17CD79B800FCCE72 /* Facebook.m in Sources */ = {isa = PBXBuildFile; fileRef = A3CB830D17CD79B800FCCE72 /* Facebook.m */; };
		A3CB832E17CDD15900FCCE72 /* Default-568h@2x.png in Resources */ = {isa = PBXBuildFile; fileRef = A3CB832917CDD15900FCCE72 /* Default-568h@2x.png */; };
		A3CB832F17CDD15900FCCE72 /* Default.png in Resources */ = {isa = PBXBuildFile; fileRef = A3CB832A17CDD15900FCCE72 /* Default.png */; };
		A3CB833017CDD15900FCCE72 /* Default@2x.png in Resources */ = {isa = PBXBuildFile; fileRef = A3CB832B17CDD15900FCCE72 /* Default@2x.png */; };
		A3CB833117CDD15900FCCE72 /* Default@2x~ipad.png in Resources */ = {isa = PBXBuildFile; fileRef = A3CB832C17CDD15900FCCE72 /* Default@2x~ipad.png */; };
		A3CB833217CDD15900FCCE72 /* Default~ipad.png in Resources */ = {isa = PBXBuildFile; fileRef = A3CB832D17CDD15900FCCE72 /* Default~ipad.png */; };
		A3CB833417CDD16500FCCE72 /* Couch@2x.png in Resources */ = {isa = PBXBuildFile; fileRef = A3CB833317CDD16500FCCE72 /* Couch@2x.png */; };
		A3DBD10717C90DFA004E74B9 /* Facebook-Dark-Highlighted@2x.png in Resources */ = {isa = PBXBuildFile; fileRef = A3DBD0FF17C90DFA004E74B9 /* Facebook-Dark-Highlighted@2x.png */; };
		A3DBD10817C90DFA004E74B9 /* Facebook-Dark@2x.png in Resources */ = {isa = PBXBuildFile; fileRef = A3DBD10017C90DFA004E74B9 /* Facebook-Dark@2x.png */; };
		A3DBD10917C90DFA004E74B9 /* Facebook-Light-Highlighted@2x.png in Resources */ = {isa = PBXBuildFile; fileRef = A3DBD10117C90DFA004E74B9 /* Facebook-Light-Highlighted@2x.png */; };
		A3DBD10A17C90DFA004E74B9 /* Facebook-Light@2x.png in Resources */ = {isa = PBXBuildFile; fileRef = A3DBD10217C90DFA004E74B9 /* Facebook-Light@2x.png */; };
		A3DBD10B17C90DFA004E74B9 /* Twitter-Dark-Highlighted@2x.png in Resources */ = {isa = PBXBuildFile; fileRef = A3DBD10317C90DFA004E74B9 /* Twitter-Dark-Highlighted@2x.png */; };
		A3DBD10C17C90DFA004E74B9 /* Twitter-Dark@2x.png in Resources */ = {isa = PBXBuildFile; fileRef = A3DBD10417C90DFA004E74B9 /* Twitter-Dark@2x.png */; };
		A3DBD10D17C90DFA004E74B9 /* Twitter-Light-Highlighted@2x.png in Resources */ = {isa = PBXBuildFile; fileRef = A3DBD10517C90DFA004E74B9 /* Twitter-Light-Highlighted@2x.png */; };
		A3DBD10E17C90DFA004E74B9 /* Twitter-Light@2x.png in Resources */ = {isa = PBXBuildFile; fileRef = A3DBD10617C90DFA004E74B9 /* Twitter-Light@2x.png */; };
		A3DBD11017C93459004E74B9 /* King@2x.png in Resources */ = {isa = PBXBuildFile; fileRef = A3DBD10F17C93459004E74B9 /* King@2x.png */; };
		A3DBD11217C9E942004E74B9 /* Social.framework in Frameworks */ = {isa = PBXBuildFile; fileRef = A3DBD11117C9E942004E74B9 /* Social.framework */; };
		A3DBD11517CB0730004E74B9 /* Vote.m in Sources */ = {isa = PBXBuildFile; fileRef = A3DBD11417CB072F004E74B9 /* Vote.m */; };
		A3DBD11A17CB1ED5004E74B9 /* User.m in Sources */ = {isa = PBXBuildFile; fileRef = A3DBD11917CB1ED5004E74B9 /* User.m */; };
		A3DBD12B17CBB5D7004E74B9 /* User-1.json in Resources */ = {isa = PBXBuildFile; fileRef = A3DBD11717CB1E9F004E74B9 /* User-1.json */; };
		A3DBD12C17CBB5D7004E74B9 /* Vote-1.json in Resources */ = {isa = PBXBuildFile; fileRef = A3DBD11617CB0990004E74B9 /* Vote-1.json */; };
		A3DBD12F17CBB8A8004E74B9 /* UIView+Extended.m in Sources */ = {isa = PBXBuildFile; fileRef = A3DBD12E17CBB8A8004E74B9 /* UIView+Extended.m */; };
		A3DBD13217CBF7B7004E74B9 /* GameController.m in Sources */ = {isa = PBXBuildFile; fileRef = A3DBD13117CBF7B7004E74B9 /* GameController.m */; };
		A3EE99FB17CE9ABC00D7437F /* Twitter.m in Sources */ = {isa = PBXBuildFile; fileRef = A3EE99FA17CE9ABB00D7437F /* Twitter.m */; };
/* End PBXBuildFile section */

/* Begin PBXFileReference section */
		27278E3F17CE8569004ABC21 /* CouchbaseLite.framework */ = {isa = PBXFileReference; lastKnownFileType = wrapper.framework; name = CouchbaseLite.framework; path = Frameworks/CouchbaseLite.framework; sourceTree = "<group>"; };
		27278E4117CE859E004ABC21 /* CFNetwork.framework */ = {isa = PBXFileReference; lastKnownFileType = wrapper.framework; name = CFNetwork.framework; path = System/Library/Frameworks/CFNetwork.framework; sourceTree = SDKROOT; };
		27278E4317CE85A6004ABC21 /* SystemConfiguration.framework */ = {isa = PBXFileReference; lastKnownFileType = wrapper.framework; name = SystemConfiguration.framework; path = System/Library/Frameworks/SystemConfiguration.framework; sourceTree = SDKROOT; };
		27278E4517CE85B3004ABC21 /* libz.dylib */ = {isa = PBXFileReference; lastKnownFileType = "compiled.mach-o.dylib"; name = libz.dylib; path = usr/lib/libz.dylib; sourceTree = SDKROOT; };
		27278E4717CE85BD004ABC21 /* Security.framework */ = {isa = PBXFileReference; lastKnownFileType = wrapper.framework; name = Security.framework; path = System/Library/Frameworks/Security.framework; sourceTree = SDKROOT; };
		27278E4917CE85C3004ABC21 /* libsqlite3.dylib */ = {isa = PBXFileReference; lastKnownFileType = "compiled.mach-o.dylib"; name = libsqlite3.dylib; path = usr/lib/libsqlite3.dylib; sourceTree = SDKROOT; };
		A3949DB817C2EECB00559283 /* Checkers.app */ = {isa = PBXFileReference; explicitFileType = wrapper.application; includeInIndex = 0; path = Checkers.app; sourceTree = BUILT_PRODUCTS_DIR; };
		A3949DBB17C2EECB00559283 /* UIKit.framework */ = {isa = PBXFileReference; lastKnownFileType = wrapper.framework; name = UIKit.framework; path = System/Library/Frameworks/UIKit.framework; sourceTree = SDKROOT; };
		A3949DBD17C2EECB00559283 /* Foundation.framework */ = {isa = PBXFileReference; lastKnownFileType = wrapper.framework; name = Foundation.framework; path = System/Library/Frameworks/Foundation.framework; sourceTree = SDKROOT; };
		A3949DBF17C2EECB00559283 /* CoreGraphics.framework */ = {isa = PBXFileReference; lastKnownFileType = wrapper.framework; name = CoreGraphics.framework; path = System/Library/Frameworks/CoreGraphics.framework; sourceTree = SDKROOT; };
		A3949DC317C2EECB00559283 /* Checkers-Info.plist */ = {isa = PBXFileReference; lastKnownFileType = text.plist.xml; path = "Checkers-Info.plist"; sourceTree = "<group>"; };
		A3949DC517C2EECB00559283 /* en */ = {isa = PBXFileReference; lastKnownFileType = text.plist.strings; name = en; path = en.lproj/InfoPlist.strings; sourceTree = "<group>"; };
		A3949DC717C2EECB00559283 /* main.m */ = {isa = PBXFileReference; lastKnownFileType = sourcecode.c.objc; path = main.m; sourceTree = "<group>"; };
		A3949DC917C2EECB00559283 /* Checkers-Prefix.pch */ = {isa = PBXFileReference; lastKnownFileType = sourcecode.c.h; path = "Checkers-Prefix.pch"; sourceTree = "<group>"; };
		A3949DCA17C2EECB00559283 /* AppDelegate.h */ = {isa = PBXFileReference; lastKnownFileType = sourcecode.c.h; path = AppDelegate.h; sourceTree = "<group>"; };
		A3949DCB17C2EECB00559283 /* AppDelegate.m */ = {isa = PBXFileReference; lastKnownFileType = sourcecode.c.objc; path = AppDelegate.m; sourceTree = "<group>"; };
		A3949DD317C2EECB00559283 /* GameViewController.h */ = {isa = PBXFileReference; lastKnownFileType = sourcecode.c.h; path = GameViewController.h; sourceTree = "<group>"; };
		A3949DD417C2EECB00559283 /* GameViewController.m */ = {isa = PBXFileReference; lastKnownFileType = sourcecode.c.objc; path = GameViewController.m; sourceTree = "<group>"; };
		A3949DFB17C2FA5100559283 /* AppStyle.h */ = {isa = PBXFileReference; fileEncoding = 4; lastKnownFileType = sourcecode.c.h; path = AppStyle.h; sourceTree = "<group>"; };
		A3949DFC17C2FA5100559283 /* AppStyle.m */ = {isa = PBXFileReference; fileEncoding = 4; lastKnownFileType = sourcecode.c.objc; path = AppStyle.m; sourceTree = "<group>"; };
		A3949E0A17C338E200559283 /* Checkerboard.h */ = {isa = PBXFileReference; fileEncoding = 4; lastKnownFileType = sourcecode.c.h; path = Checkerboard.h; sourceTree = "<group>"; };
		A3949E0B17C338E200559283 /* Checkerboard.m */ = {isa = PBXFileReference; fileEncoding = 4; lastKnownFileType = sourcecode.c.objc; path = Checkerboard.m; sourceTree = "<group>"; };
		A3949E0D17C3C4A200559283 /* Game-1.json */ = {isa = PBXFileReference; lastKnownFileType = text.json; path = "Game-1.json"; sourceTree = "<group>"; };
		A3949E1017C3E60B00559283 /* Game-2.json */ = {isa = PBXFileReference; lastKnownFileType = text.json; path = "Game-2.json"; sourceTree = "<group>"; };
		A3949E5C17C440CF00559283 /* Game.h */ = {isa = PBXFileReference; fileEncoding = 4; lastKnownFileType = sourcecode.c.h; path = Game.h; sourceTree = "<group>"; };
		A3949E5D17C440CF00559283 /* Game.m */ = {isa = PBXFileReference; fileEncoding = 4; lastKnownFileType = sourcecode.c.objc; path = Game.m; sourceTree = "<group>"; };
		A3949E6317C482BA00559283 /* QuartzCore.framework */ = {isa = PBXFileReference; lastKnownFileType = wrapper.framework; name = QuartzCore.framework; path = System/Library/Frameworks/QuartzCore.framework; sourceTree = SDKROOT; };
		A3CB830A17CD631D00FCCE72 /* Accounts.framework */ = {isa = PBXFileReference; lastKnownFileType = wrapper.framework; name = Accounts.framework; path = System/Library/Frameworks/Accounts.framework; sourceTree = SDKROOT; };
		A3CB830C17CD79B800FCCE72 /* Facebook.h */ = {isa = PBXFileReference; fileEncoding = 4; lastKnownFileType = sourcecode.c.h; path = Facebook.h; sourceTree = "<group>"; };
		A3CB830D17CD79B800FCCE72 /* Facebook.m */ = {isa = PBXFileReference; fileEncoding = 4; lastKnownFileType = sourcecode.c.objc; path = Facebook.m; sourceTree = "<group>"; };
		A3CB832917CDD15900FCCE72 /* Default-568h@2x.png */ = {isa = PBXFileReference; lastKnownFileType = image.png; path = "Default-568h@2x.png"; sourceTree = "<group>"; };
		A3CB832A17CDD15900FCCE72 /* Default.png */ = {isa = PBXFileReference; lastKnownFileType = image.png; path = Default.png; sourceTree = "<group>"; };
		A3CB832B17CDD15900FCCE72 /* Default@2x.png */ = {isa = PBXFileReference; lastKnownFileType = image.png; path = "Default@2x.png"; sourceTree = "<group>"; };
		A3CB832C17CDD15900FCCE72 /* Default@2x~ipad.png */ = {isa = PBXFileReference; lastKnownFileType = image.png; path = "Default@2x~ipad.png"; sourceTree = "<group>"; };
		A3CB832D17CDD15900FCCE72 /* Default~ipad.png */ = {isa = PBXFileReference; lastKnownFileType = image.png; path = "Default~ipad.png"; sourceTree = "<group>"; };
		A3CB833317CDD16500FCCE72 /* Couch@2x.png */ = {isa = PBXFileReference; lastKnownFileType = image.png; path = "Couch@2x.png"; sourceTree = "<group>"; };
		A3DBD0FF17C90DFA004E74B9 /* Facebook-Dark-Highlighted@2x.png */ = {isa = PBXFileReference; lastKnownFileType = image.png; path = "Facebook-Dark-Highlighted@2x.png"; sourceTree = "<group>"; };
		A3DBD10017C90DFA004E74B9 /* Facebook-Dark@2x.png */ = {isa = PBXFileReference; lastKnownFileType = image.png; path = "Facebook-Dark@2x.png"; sourceTree = "<group>"; };
		A3DBD10117C90DFA004E74B9 /* Facebook-Light-Highlighted@2x.png */ = {isa = PBXFileReference; lastKnownFileType = image.png; path = "Facebook-Light-Highlighted@2x.png"; sourceTree = "<group>"; };
		A3DBD10217C90DFA004E74B9 /* Facebook-Light@2x.png */ = {isa = PBXFileReference; lastKnownFileType = image.png; path = "Facebook-Light@2x.png"; sourceTree = "<group>"; };
		A3DBD10317C90DFA004E74B9 /* Twitter-Dark-Highlighted@2x.png */ = {isa = PBXFileReference; lastKnownFileType = image.png; path = "Twitter-Dark-Highlighted@2x.png"; sourceTree = "<group>"; };
		A3DBD10417C90DFA004E74B9 /* Twitter-Dark@2x.png */ = {isa = PBXFileReference; lastKnownFileType = image.png; path = "Twitter-Dark@2x.png"; sourceTree = "<group>"; };
		A3DBD10517C90DFA004E74B9 /* Twitter-Light-Highlighted@2x.png */ = {isa = PBXFileReference; lastKnownFileType = image.png; path = "Twitter-Light-Highlighted@2x.png"; sourceTree = "<group>"; };
		A3DBD10617C90DFA004E74B9 /* Twitter-Light@2x.png */ = {isa = PBXFileReference; lastKnownFileType = image.png; path = "Twitter-Light@2x.png"; sourceTree = "<group>"; };
		A3DBD10F17C93459004E74B9 /* King@2x.png */ = {isa = PBXFileReference; lastKnownFileType = image.png; path = "King@2x.png"; sourceTree = "<group>"; };
		A3DBD11117C9E942004E74B9 /* Social.framework */ = {isa = PBXFileReference; lastKnownFileType = wrapper.framework; name = Social.framework; path = System/Library/Frameworks/Social.framework; sourceTree = SDKROOT; };
		A3DBD11317CB072F004E74B9 /* Vote.h */ = {isa = PBXFileReference; fileEncoding = 4; lastKnownFileType = sourcecode.c.h; path = Vote.h; sourceTree = "<group>"; };
		A3DBD11417CB072F004E74B9 /* Vote.m */ = {isa = PBXFileReference; fileEncoding = 4; lastKnownFileType = sourcecode.c.objc; path = Vote.m; sourceTree = "<group>"; };
		A3DBD11617CB0990004E74B9 /* Vote-1.json */ = {isa = PBXFileReference; lastKnownFileType = text.json; path = "Vote-1.json"; sourceTree = "<group>"; };
		A3DBD11717CB1E9F004E74B9 /* User-1.json */ = {isa = PBXFileReference; lastKnownFileType = text.json; path = "User-1.json"; sourceTree = "<group>"; };
		A3DBD11817CB1ED5004E74B9 /* User.h */ = {isa = PBXFileReference; fileEncoding = 4; lastKnownFileType = sourcecode.c.h; path = User.h; sourceTree = "<group>"; };
		A3DBD11917CB1ED5004E74B9 /* User.m */ = {isa = PBXFileReference; fileEncoding = 4; lastKnownFileType = sourcecode.c.objc; path = User.m; sourceTree = "<group>"; };
		A3DBD12D17CBB8A8004E74B9 /* UIView+Extended.h */ = {isa = PBXFileReference; fileEncoding = 4; lastKnownFileType = sourcecode.c.h; path = "UIView+Extended.h"; sourceTree = "<group>"; };
		A3DBD12E17CBB8A8004E74B9 /* UIView+Extended.m */ = {isa = PBXFileReference; fileEncoding = 4; lastKnownFileType = sourcecode.c.objc; path = "UIView+Extended.m"; sourceTree = "<group>"; };
		A3DBD13017CBF7B7004E74B9 /* GameController.h */ = {isa = PBXFileReference; fileEncoding = 4; lastKnownFileType = sourcecode.c.h; path = GameController.h; sourceTree = "<group>"; };
		A3DBD13117CBF7B7004E74B9 /* GameController.m */ = {isa = PBXFileReference; fileEncoding = 4; lastKnownFileType = sourcecode.c.objc; path = GameController.m; sourceTree = "<group>"; };
		A3EE99F917CE9ABB00D7437F /* Twitter.h */ = {isa = PBXFileReference; fileEncoding = 4; lastKnownFileType = sourcecode.c.h; path = Twitter.h; sourceTree = "<group>"; };
		A3EE99FA17CE9ABB00D7437F /* Twitter.m */ = {isa = PBXFileReference; fileEncoding = 4; lastKnownFileType = sourcecode.c.objc; path = Twitter.m; sourceTree = "<group>"; };
/* End PBXFileReference section */

/* Begin PBXFrameworksBuildPhase section */
		A3949DB517C2EECB00559283 /* Frameworks */ = {
			isa = PBXFrameworksBuildPhase;
			buildActionMask = 2147483647;
			files = (
				A3CB830B17CD631D00FCCE72 /* Accounts.framework in Frameworks */,
				A3DBD11217C9E942004E74B9 /* Social.framework in Frameworks */,
				A3949E6417C482BA00559283 /* QuartzCore.framework in Frameworks */,
				A3949DBC17C2EECB00559283 /* UIKit.framework in Frameworks */,
				A3949DBE17C2EECB00559283 /* Foundation.framework in Frameworks */,
				A3949DC017C2EECB00559283 /* CoreGraphics.framework in Frameworks */,
				27278E4017CE8569004ABC21 /* CouchbaseLite.framework in Frameworks */,
				27278E4A17CE85C3004ABC21 /* libsqlite3.dylib in Frameworks */,
				27278E4817CE85BD004ABC21 /* Security.framework in Frameworks */,
				27278E4617CE85B3004ABC21 /* libz.dylib in Frameworks */,
				27278E4417CE85A6004ABC21 /* SystemConfiguration.framework in Frameworks */,
				27278E4217CE859E004ABC21 /* CFNetwork.framework in Frameworks */,
			);
			runOnlyForDeploymentPostprocessing = 0;
		};
/* End PBXFrameworksBuildPhase section */

/* Begin PBXGroup section */
		A3949DAF17C2EECB00559283 = {
			isa = PBXGroup;
			children = (
				A3949DC117C2EECB00559283 /* Checkers */,
				A3949DBA17C2EECB00559283 /* Frameworks */,
				A3949DB917C2EECB00559283 /* Products */,
			);
			sourceTree = "<group>";
		};
		A3949DB917C2EECB00559283 /* Products */ = {
			isa = PBXGroup;
			children = (
				A3949DB817C2EECB00559283 /* Checkers.app */,
			);
			name = Products;
			sourceTree = "<group>";
		};
		A3949DBA17C2EECB00559283 /* Frameworks */ = {
			isa = PBXGroup;
			children = (
				27278E4917CE85C3004ABC21 /* libsqlite3.dylib */,
				27278E4717CE85BD004ABC21 /* Security.framework */,
				27278E4517CE85B3004ABC21 /* libz.dylib */,
				27278E4317CE85A6004ABC21 /* SystemConfiguration.framework */,
				27278E4117CE859E004ABC21 /* CFNetwork.framework */,
				27278E3F17CE8569004ABC21 /* CouchbaseLite.framework */,
				A3CB830A17CD631D00FCCE72 /* Accounts.framework */,
				A3DBD11117C9E942004E74B9 /* Social.framework */,
				A3949E6317C482BA00559283 /* QuartzCore.framework */,
				A3949DBB17C2EECB00559283 /* UIKit.framework */,
				A3949DBD17C2EECB00559283 /* Foundation.framework */,
				A3949DBF17C2EECB00559283 /* CoreGraphics.framework */,
			);
			name = Frameworks;
			sourceTree = "<group>";
		};
		A3949DC117C2EECB00559283 /* Checkers */ = {
			isa = PBXGroup;
			children = (
				A3949DC217C2EECB00559283 /* Supporting Files */,
				A3949E0617C3048900559283 /* Images */,
				A3949E0E17C3C9C400559283 /* Data */,
				A3949DCA17C2EECB00559283 /* AppDelegate.h */,
				A3949DCB17C2EECB00559283 /* AppDelegate.m */,
				A3949DFB17C2FA5100559283 /* AppStyle.h */,
				A3949DFC17C2FA5100559283 /* AppStyle.m */,
				A3DBD13017CBF7B7004E74B9 /* GameController.h */,
				A3DBD13117CBF7B7004E74B9 /* GameController.m */,
				A3949DD317C2EECB00559283 /* GameViewController.h */,
				A3949DD417C2EECB00559283 /* GameViewController.m */,
				A3949E0A17C338E200559283 /* Checkerboard.h */,
				A3949E0B17C338E200559283 /* Checkerboard.m */,
				A3DBD11817CB1ED5004E74B9 /* User.h */,
				A3DBD11917CB1ED5004E74B9 /* User.m */,
				A3949E5C17C440CF00559283 /* Game.h */,
				A3949E5D17C440CF00559283 /* Game.m */,
				A3DBD11317CB072F004E74B9 /* Vote.h */,
				A3DBD11417CB072F004E74B9 /* Vote.m */,
				A3DBD12D17CBB8A8004E74B9 /* UIView+Extended.h */,
				A3DBD12E17CBB8A8004E74B9 /* UIView+Extended.m */,
				A3CB830C17CD79B800FCCE72 /* Facebook.h */,
				A3CB830D17CD79B800FCCE72 /* Facebook.m */,
				A3EE99F917CE9ABB00D7437F /* Twitter.h */,
				A3EE99FA17CE9ABB00D7437F /* Twitter.m */,
			);
			path = Checkers;
			sourceTree = "<group>";
		};
		A3949DC217C2EECB00559283 /* Supporting Files */ = {
			isa = PBXGroup;
			children = (
				A3949DC317C2EECB00559283 /* Checkers-Info.plist */,
				A3949DC417C2EECB00559283 /* InfoPlist.strings */,
				A3949DC717C2EECB00559283 /* main.m */,
				A3949DC917C2EECB00559283 /* Checkers-Prefix.pch */,
				A3CB832917CDD15900FCCE72 /* Default-568h@2x.png */,
				A3CB832A17CDD15900FCCE72 /* Default.png */,
				A3CB832B17CDD15900FCCE72 /* Default@2x.png */,
				A3CB832C17CDD15900FCCE72 /* Default@2x~ipad.png */,
				A3CB832D17CDD15900FCCE72 /* Default~ipad.png */,
			);
			name = "Supporting Files";
			sourceTree = "<group>";
		};
		A3949E0617C3048900559283 /* Images */ = {
			isa = PBXGroup;
			children = (
				A3CB833317CDD16500FCCE72 /* Couch@2x.png */,
				A3DBD10F17C93459004E74B9 /* King@2x.png */,
				A3DBD0FF17C90DFA004E74B9 /* Facebook-Dark-Highlighted@2x.png */,
				A3DBD10017C90DFA004E74B9 /* Facebook-Dark@2x.png */,
				A3DBD10117C90DFA004E74B9 /* Facebook-Light-Highlighted@2x.png */,
				A3DBD10217C90DFA004E74B9 /* Facebook-Light@2x.png */,
				A3DBD10317C90DFA004E74B9 /* Twitter-Dark-Highlighted@2x.png */,
				A3DBD10417C90DFA004E74B9 /* Twitter-Dark@2x.png */,
				A3DBD10517C90DFA004E74B9 /* Twitter-Light-Highlighted@2x.png */,
				A3DBD10617C90DFA004E74B9 /* Twitter-Light@2x.png */,
			);
			name = Images;
			sourceTree = "<group>";
		};
		A3949E0E17C3C9C400559283 /* Data */ = {
			isa = PBXGroup;
			children = (
				A3DBD11717CB1E9F004E74B9 /* User-1.json */,
				A3949E0D17C3C4A200559283 /* Game-1.json */,
				A3949E1017C3E60B00559283 /* Game-2.json */,
				A3DBD11617CB0990004E74B9 /* Vote-1.json */,
			);
			name = Data;
			sourceTree = "<group>";
		};
/* End PBXGroup section */

/* Begin PBXNativeTarget section */
		A3949DB717C2EECB00559283 /* Checkers */ = {
			isa = PBXNativeTarget;
			buildConfigurationList = A3949DF317C2EECB00559283 /* Build configuration list for PBXNativeTarget "Checkers" */;
			buildPhases = (
				A3949DB417C2EECB00559283 /* Sources */,
				A3949DB517C2EECB00559283 /* Frameworks */,
				A3949DB617C2EECB00559283 /* Resources */,
			);
			buildRules = (
			);
			dependencies = (
			);
			name = Checkers;
			productName = Checkers;
			productReference = A3949DB817C2EECB00559283 /* Checkers.app */;
			productType = "com.apple.product-type.application";
		};
/* End PBXNativeTarget section */

/* Begin PBXProject section */
		A3949DB017C2EECB00559283 /* Project object */ = {
			isa = PBXProject;
			attributes = {
				CLASSPREFIX = CBWC;
				LastUpgradeCheck = 0460;
				ORGANIZATIONNAME = "Wayne Carter";
			};
			buildConfigurationList = A3949DB317C2EECB00559283 /* Build configuration list for PBXProject "Checkers" */;
			compatibilityVersion = "Xcode 3.2";
			developmentRegion = English;
			hasScannedForEncodings = 0;
			knownRegions = (
				en,
			);
			mainGroup = A3949DAF17C2EECB00559283;
			productRefGroup = A3949DB917C2EECB00559283 /* Products */;
			projectDirPath = "";
			projectRoot = "";
			targets = (
				A3949DB717C2EECB00559283 /* Checkers */,
			);
		};
/* End PBXProject section */

/* Begin PBXResourcesBuildPhase section */
		A3949DB617C2EECB00559283 /* Resources */ = {
			isa = PBXResourcesBuildPhase;
			buildActionMask = 2147483647;
			files = (
				A3DBD12B17CBB5D7004E74B9 /* User-1.json in Resources */,
				A3949E6117C460E600559283 /* Game-1.json in Resources */,
				A3949E6217C46F9000559283 /* Game-2.json in Resources */,
				A3DBD12C17CBB5D7004E74B9 /* Vote-1.json in Resources */,
				A3949DC617C2EECB00559283 /* InfoPlist.strings in Resources */,
				A3DBD10717C90DFA004E74B9 /* Facebook-Dark-Highlighted@2x.png in Resources */,
				A3DBD10817C90DFA004E74B9 /* Facebook-Dark@2x.png in Resources */,
				A3DBD10917C90DFA004E74B9 /* Facebook-Light-Highlighted@2x.png in Resources */,
				A3DBD10A17C90DFA004E74B9 /* Facebook-Light@2x.png in Resources */,
				A3DBD10B17C90DFA004E74B9 /* Twitter-Dark-Highlighted@2x.png in Resources */,
				A3DBD10C17C90DFA004E74B9 /* Twitter-Dark@2x.png in Resources */,
				A3DBD10D17C90DFA004E74B9 /* Twitter-Light-Highlighted@2x.png in Resources */,
				A3DBD10E17C90DFA004E74B9 /* Twitter-Light@2x.png in Resources */,
				A3DBD11017C93459004E74B9 /* King@2x.png in Resources */,
				A3CB832E17CDD15900FCCE72 /* Default-568h@2x.png in Resources */,
				A3CB832F17CDD15900FCCE72 /* Default.png in Resources */,
				A3CB833017CDD15900FCCE72 /* Default@2x.png in Resources */,
				A3CB833117CDD15900FCCE72 /* Default@2x~ipad.png in Resources */,
				A3CB833217CDD15900FCCE72 /* Default~ipad.png in Resources */,
				A3CB833417CDD16500FCCE72 /* Couch@2x.png in Resources */,
			);
			runOnlyForDeploymentPostprocessing = 0;
		};
/* End PBXResourcesBuildPhase section */

/* Begin PBXSourcesBuildPhase section */
		A3949DB417C2EECB00559283 /* Sources */ = {
			isa = PBXSourcesBuildPhase;
			buildActionMask = 2147483647;
			files = (
				A3949DC817C2EECB00559283 /* main.m in Sources */,
				A3949DCC17C2EECB00559283 /* AppDelegate.m in Sources */,
				A3949DD517C2EECB00559283 /* GameViewController.m in Sources */,
				A3949DFD17C2FA5100559283 /* AppStyle.m in Sources */,
				A3949E0C17C338E200559283 /* Checkerboard.m in Sources */,
				A3949E5E17C440CF00559283 /* Game.m in Sources */,
				A3DBD11517CB0730004E74B9 /* Vote.m in Sources */,
				A3DBD11A17CB1ED5004E74B9 /* User.m in Sources */,
				A3DBD12F17CBB8A8004E74B9 /* UIView+Extended.m in Sources */,
				A3DBD13217CBF7B7004E74B9 /* GameController.m in Sources */,
				A3CB830E17CD79B800FCCE72 /* Facebook.m in Sources */,
				A3EE99FB17CE9ABC00D7437F /* Twitter.m in Sources */,
			);
			runOnlyForDeploymentPostprocessing = 0;
		};
/* End PBXSourcesBuildPhase section */

/* Begin PBXVariantGroup section */
		A3949DC417C2EECB00559283 /* InfoPlist.strings */ = {
			isa = PBXVariantGroup;
			children = (
				A3949DC517C2EECB00559283 /* en */,
			);
			name = InfoPlist.strings;
			sourceTree = "<group>";
		};
/* End PBXVariantGroup section */

/* Begin XCBuildConfiguration section */
		A3949DF117C2EECB00559283 /* Debug */ = {
			isa = XCBuildConfiguration;
			buildSettings = {
				ALWAYS_SEARCH_USER_PATHS = NO;
				CLANG_CXX_LANGUAGE_STANDARD = "gnu++0x";
				CLANG_CXX_LIBRARY = "libc++";
				CLANG_ENABLE_OBJC_ARC = YES;
				CLANG_WARN_CONSTANT_CONVERSION = YES;
				CLANG_WARN_EMPTY_BODY = YES;
				CLANG_WARN_ENUM_CONVERSION = YES;
				CLANG_WARN_INT_CONVERSION = YES;
				CLANG_WARN__DUPLICATE_METHOD_MATCH = YES;
				"CODE_SIGN_IDENTITY[sdk=iphoneos*]" = "iPhone Developer";
				COPY_PHASE_STRIP = NO;
				GCC_C_LANGUAGE_STANDARD = gnu99;
				GCC_DYNAMIC_NO_PIC = NO;
				GCC_OPTIMIZATION_LEVEL = 0;
				GCC_PREPROCESSOR_DEFINITIONS = (
					"DEBUG=1",
					"$(inherited)",
				);
				GCC_SYMBOLS_PRIVATE_EXTERN = NO;
				GCC_TREAT_WARNINGS_AS_ERRORS = YES;
				GCC_WARN_ABOUT_RETURN_TYPE = YES;
				GCC_WARN_UNINITIALIZED_AUTOS = YES;
				GCC_WARN_UNUSED_VARIABLE = YES;
				IPHONEOS_DEPLOYMENT_TARGET = 6.1;
				ONLY_ACTIVE_ARCH = YES;
				SDKROOT = iphoneos;
				TARGETED_DEVICE_FAMILY = "1,2";
				WARNING_CFLAGS = "-Wall";
			};
			name = Debug;
		};
		A3949DF217C2EECB00559283 /* Release */ = {
			isa = XCBuildConfiguration;
			buildSettings = {
				ALWAYS_SEARCH_USER_PATHS = NO;
				CLANG_CXX_LANGUAGE_STANDARD = "gnu++0x";
				CLANG_CXX_LIBRARY = "libc++";
				CLANG_ENABLE_OBJC_ARC = YES;
				CLANG_WARN_CONSTANT_CONVERSION = YES;
				CLANG_WARN_EMPTY_BODY = YES;
				CLANG_WARN_ENUM_CONVERSION = YES;
				CLANG_WARN_INT_CONVERSION = YES;
				CLANG_WARN__DUPLICATE_METHOD_MATCH = YES;
				"CODE_SIGN_IDENTITY[sdk=iphoneos*]" = "iPhone Developer";
				COPY_PHASE_STRIP = YES;
				GCC_C_LANGUAGE_STANDARD = gnu99;
				GCC_TREAT_WARNINGS_AS_ERRORS = YES;
				GCC_WARN_ABOUT_RETURN_TYPE = YES;
				GCC_WARN_UNINITIALIZED_AUTOS = YES;
				GCC_WARN_UNUSED_VARIABLE = YES;
				IPHONEOS_DEPLOYMENT_TARGET = 6.1;
				OTHER_CFLAGS = "-DNS_BLOCK_ASSERTIONS=1";
				SDKROOT = iphoneos;
				TARGETED_DEVICE_FAMILY = "1,2";
				VALIDATE_PRODUCT = YES;
				WARNING_CFLAGS = "-Wall";
			};
			name = Release;
		};
		A3949DF417C2EECB00559283 /* Debug */ = {
			isa = XCBuildConfiguration;
			buildSettings = {
				FRAMEWORK_SEARCH_PATHS = (
					"$(inherited)",
					$SRCROOT/Frameworks,
				);
				GCC_PRECOMPILE_PREFIX_HEADER = YES;
				GCC_PREFIX_HEADER = "Checkers/Checkers-Prefix.pch";
				INFOPLIST_FILE = "Checkers/Checkers-Info.plist";
				OTHER_LDFLAGS = "-ObjC";
				PRODUCT_NAME = Checkers;
				WRAPPER_EXTENSION = app;
			};
			name = Debug;
		};
		A3949DF517C2EECB00559283 /* Release */ = {
			isa = XCBuildConfiguration;
			buildSettings = {
				FRAMEWORK_SEARCH_PATHS = (
					"$(inherited)",
					$SRCROOT/Frameworks,
				);
				GCC_PRECOMPILE_PREFIX_HEADER = YES;
				GCC_PREFIX_HEADER = "Checkers/Checkers-Prefix.pch";
				INFOPLIST_FILE = "Checkers/Checkers-Info.plist";
				OTHER_LDFLAGS = "-ObjC";
				PRODUCT_NAME = Checkers;
				WRAPPER_EXTENSION = app;
			};
			name = Release;
		};
/* End XCBuildConfiguration section */

/* Begin XCConfigurationList section */
		A3949DB317C2EECB00559283 /* Build configuration list for PBXProject "Checkers" */ = {
			isa = XCConfigurationList;
			buildConfigurations = (
				A3949DF117C2EECB00559283 /* Debug */,
				A3949DF217C2EECB00559283 /* Release */,
			);
			defaultConfigurationIsVisible = 0;
			defaultConfigurationName = Release;
		};
		A3949DF317C2EECB00559283 /* Build configuration list for PBXNativeTarget "Checkers" */ = {
			isa = XCConfigurationList;
			buildConfigurations = (
				A3949DF417C2EECB00559283 /* Debug */,
				A3949DF517C2EECB00559283 /* Release */,
			);
			defaultConfigurationIsVisible = 0;
			defaultConfigurationName = Release;
		};
/* End XCConfigurationList section */
	};
	rootObject = A3949DB017C2EECB00559283 /* Project object */;
}
